
Microsoft Visual Studio Solution File, Format Version 12.00
# Visual Studio 15
VisualStudioVersion = 15.0.28307.168
MinimumVisualStudioVersion = 10.0.40219.1
Project("{FAE04EC0-301F-11D3-BF4B-00C04F79EFBC}") = "homeWork-2", "homeWork-2\homeWork-2.csproj", "{02BC3621-0958-405D-9DEE-5739FF29536F}"
EndProject
Global
	GlobalSection(SolutionConfigurationPlatforms) = preSolution
		Debug|Any CPU = Debug|Any CPU
		Release|Any CPU = Release|Any CPU
	EndGlobalSection
	GlobalSection(ProjectConfigurationPlatforms) = postSolution
		{02BC3621-0958-405D-9DEE-5739FF29536F}.Debug|Any CPU.ActiveCfg = Debug|Any CPU
		{02BC3621-0958-405D-9DEE-5739FF29536F}.Debug|Any CPU.Build.0 = Debug|Any CPU
		{02BC3621-0958-405D-9DEE-5739FF29536F}.Release|Any CPU.ActiveCfg = Release|Any CPU
		{02BC3621-0958-405D-9DEE-5739FF29536F}.Release|Any CPU.Build.0 = Release|Any CPU
	EndGlobalSection
	GlobalSection(SolutionProperties) = preSolution
		HideSolutionNode = FALSE
	EndGlobalSection
	GlobalSection(ExtensibilityGlobals) = postSolution
		SolutionGuid = {410F07EB-F04A-4751-A296-2CD4227E756B}
	EndGlobalSection
EndGlobal
